// !$*UTF8*$!
{
	archiveVersion = 1;
	classes = {
	};
	objectVersion = 46;
	objects = {

/* Begin PBXBuildFile section */
		42164F181AB2830400623BF0 /* main.m in Sources */ = {isa = PBXBuildFile; fileRef = 42164F171AB2830400623BF0 /* main.m */; };
		42164F1B1AB2830400623BF0 /* AppDelegate.m in Sources */ = {isa = PBXBuildFile; fileRef = 42164F1A1AB2830400623BF0 /* AppDelegate.m */; };
		42164F1E1AB2830400623BF0 /* ViewController.m in Sources */ = {isa = PBXBuildFile; fileRef = 42164F1D1AB2830400623BF0 /* ViewController.m */; };
		42164F211AB2830400623BF0 /* Main.storyboard in Resources */ = {isa = PBXBuildFile; fileRef = 42164F1F1AB2830400623BF0 /* Main.storyboard */; };
		42164F231AB2830400623BF0 /* Images.xcassets in Resources */ = {isa = PBXBuildFile; fileRef = 42164F221AB2830400623BF0 /* Images.xcassets */; };
		42164F261AB2830400623BF0 /* LaunchScreen.xib in Resources */ = {isa = PBXBuildFile; fileRef = 42164F241AB2830400623BF0 /* LaunchScreen.xib */; };
		42164F321AB2830400623BF0 /* ToDoListTests.m in Sources */ = {isa = PBXBuildFile; fileRef = 42164F311AB2830400623BF0 /* ToDoListTests.m */; };
		4223A3921AB2C78F002F6B19 /* AddToDoItemViewController.m in Sources */ = {isa = PBXBuildFile; fileRef = 4223A3911AB2C78F002F6B19 /* AddToDoItemViewController.m */; };
		4223A3951AB2C804002F6B19 /* ToDoListTableViewController.m in Sources */ = {isa = PBXBuildFile; fileRef = 4223A3941AB2C804002F6B19 /* ToDoListTableViewController.m */; };
		42698A141AB677F70017F0B8 /* ToDoItem.m in Sources */ = {isa = PBXBuildFile; fileRef = 42698A131AB677F70017F0B8 /* ToDoItem.m */; };
/* End PBXBuildFile section */

/* Begin PBXContainerItemProxy section */
		42164F2C1AB2830400623BF0 /* PBXContainerItemProxy */ = {
			isa = PBXContainerItemProxy;
			containerPortal = 42164F0A1AB2830400623BF0 /* Project object */;
			proxyType = 1;
			remoteGlobalIDString = 42164F111AB2830400623BF0;
			remoteInfo = ToDoList;
		};
/* End PBXContainerItemProxy section */

/* Begin PBXFileReference section */
		42164F121AB2830400623BF0 /* ToDoList.app */ = {isa = PBXFileReference; explicitFileType = wrapper.application; includeInIndex = 0; path = ToDoList.app; sourceTree = BUILT_PRODUCTS_DIR; };
		42164F161AB2830400623BF0 /* Info.plist */ = {isa = PBXFileReference; lastKnownFileType = text.plist.xml; path = Info.plist; sourceTree = "<group>"; };
		42164F171AB2830400623BF0 /* main.m */ = {isa = PBXFileReference; lastKnownFileType = sourcecode.c.objc; path = main.m; sourceTree = "<group>"; };
		42164F191AB2830400623BF0 /* AppDelegate.h */ = {isa = PBXFileReference; lastKnownFileType = sourcecode.c.h; path = AppDelegate.h; sourceTree = "<group>"; };
		42164F1A1AB2830400623BF0 /* AppDelegate.m */ = {isa = PBXFileReference; lastKnownFileType = sourcecode.c.objc; path = AppDelegate.m; sourceTree = "<group>"; };
		42164F1C1AB2830400623BF0 /* ViewController.h */ = {isa = PBXFileReference; lastKnownFileType = sourcecode.c.h; path = ViewController.h; sourceTree = "<group>"; };
		42164F1D1AB2830400623BF0 /* ViewController.m */ = {isa = PBXFileReference; lastKnownFileType = sourcecode.c.objc; path = ViewController.m; sourceTree = "<group>"; };
		42164F201AB2830400623BF0 /* Base */ = {isa = PBXFileReference; lastKnownFileType = file.storyboard; name = Base; path = Base.lproj/Main.storyboard; sourceTree = "<group>"; };
		42164F221AB2830400623BF0 /* Images.xcassets */ = {isa = PBXFileReference; lastKnownFileType = folder.assetcatalog; path = Images.xcassets; sourceTree = "<group>"; };
		42164F251AB2830400623BF0 /* Base */ = {isa = PBXFileReference; lastKnownFileType = file.xib; name = Base; path = Base.lproj/LaunchScreen.xib; sourceTree = "<group>"; };
		42164F2B1AB2830400623BF0 /* ToDoListTests.xctest */ = {isa = PBXFileReference; explicitFileType = wrapper.cfbundle; includeInIndex = 0; path = ToDoListTests.xctest; sourceTree = BUILT_PRODUCTS_DIR; };
		42164F301AB2830400623BF0 /* Info.plist */ = {isa = PBXFileReference; lastKnownFileType = text.plist.xml; path = Info.plist; sourceTree = "<group>"; };
		42164F311AB2830400623BF0 /* ToDoListTests.m */ = {isa = PBXFileReference; lastKnownFileType = sourcecode.c.objc; path = ToDoListTests.m; sourceTree = "<group>"; };
		4223A3901AB2C78F002F6B19 /* AddToDoItemViewController.h */ = {isa = PBXFileReference; fileEncoding = 4; lastKnownFileType = sourcecode.c.h; path = AddToDoItemViewController.h; sourceTree = "<group>"; };
		4223A3911AB2C78F002F6B19 /* AddToDoItemViewController.m */ = {isa = PBXFileReference; fileEncoding = 4; lastKnownFileType = sourcecode.c.objc; path = AddToDoItemViewController.m; sourceTree = "<group>"; };
		4223A3931AB2C804002F6B19 /* ToDoListTableViewController.h */ = {isa = PBXFileReference; fileEncoding = 4; lastKnownFileType = sourcecode.c.h; path = ToDoListTableViewController.h; sourceTree = "<group>"; };
		4223A3941AB2C804002F6B19 /* ToDoListTableViewController.m */ = {isa = PBXFileReference; fileEncoding = 4; lastKnownFileType = sourcecode.c.objc; path = ToDoListTableViewController.m; sourceTree = "<group>"; };
		42698A121AB677F70017F0B8 /* ToDoItem.h */ = {isa = PBXFileReference; fileEncoding = 4; lastKnownFileType = sourcecode.c.h; path = ToDoItem.h; sourceTree = "<group>"; };
		42698A131AB677F70017F0B8 /* ToDoItem.m */ = {isa = PBXFileReference; fileEncoding = 4; lastKnownFileType = sourcecode.c.objc; path = ToDoItem.m; sourceTree = "<group>"; };
/* End PBXFileReference section */

/* Begin PBXFrameworksBuildPhase section */
		42164F0F1AB2830400623BF0 /* Frameworks */ = {
			isa = PBXFrameworksBuildPhase;
			buildActionMask = 2147483647;
			files = (
			);
			runOnlyForDeploymentPostprocessing = 0;
		};
		42164F281AB2830400623BF0 /* Frameworks */ = {
			isa = PBXFrameworksBuildPhase;
			buildActionMask = 2147483647;
			files = (
			);
			runOnlyForDeploymentPostprocessing = 0;
		};
/* End PBXFrameworksBuildPhase section */

/* Begin PBXGroup section */
		42164F091AB2830400623BF0 = {
			isa = PBXGroup;
			children = (
				42164F141AB2830400623BF0 /* ToDoList */,
				42164F2E1AB2830400623BF0 /* ToDoListTests */,
				42164F131AB2830400623BF0 /* Products */,
			);
			sourceTree = "<group>";
		};
		42164F131AB2830400623BF0 /* Products */ = {
			isa = PBXGroup;
			children = (
				42164F121AB2830400623BF0 /* ToDoList.app */,
				42164F2B1AB2830400623BF0 /* ToDoListTests.xctest */,
			);
			name = Products;
			sourceTree = "<group>";
		};
		42164F141AB2830400623BF0 /* ToDoList */ = {
			isa = PBXGroup;
			children = (
				42698A121AB677F70017F0B8 /* ToDoItem.h */,
				42698A131AB677F70017F0B8 /* ToDoItem.m */,
				4223A3931AB2C804002F6B19 /* ToDoListTableViewController.h */,
				4223A3941AB2C804002F6B19 /* ToDoListTableViewController.m */,
				4223A3901AB2C78F002F6B19 /* AddToDoItemViewController.h */,
				4223A3911AB2C78F002F6B19 /* AddToDoItemViewController.m */,
				42164F191AB2830400623BF0 /* AppDelegate.h */,
				42164F1A1AB2830400623BF0 /* AppDelegate.m */,
				42164F1C1AB2830400623BF0 /* ViewController.h */,
				42164F1D1AB2830400623BF0 /* ViewController.m */,
				42164F1F1AB2830400623BF0 /* Main.storyboard */,
				42164F221AB2830400623BF0 /* Images.xcassets */,
				42164F241AB2830400623BF0 /* LaunchScreen.xib */,
				42164F151AB2830400623BF0 /* Supporting Files */,
			);
			path = ToDoList;
			sourceTree = "<group>";
		};
		42164F151AB2830400623BF0 /* Supporting Files */ = {
			isa = PBXGroup;
			children = (
				42164F161AB2830400623BF0 /* Info.plist */,
				42164F171AB2830400623BF0 /* main.m */,
			);
			name = "Supporting Files";
			sourceTree = "<group>";
		};
		42164F2E1AB2830400623BF0 /* ToDoListTests */ = {
			isa = PBXGroup;
			children = (
				42164F311AB2830400623BF0 /* ToDoListTests.m */,
				42164F2F1AB2830400623BF0 /* Supporting Files */,
			);
			path = ToDoListTests;
			sourceTree = "<group>";
		};
		42164F2F1AB2830400623BF0 /* Supporting Files */ = {
			isa = PBXGroup;
			children = (
				42164F301AB2830400623BF0 /* Info.plist */,
			);
			name = "Supporting Files";
			sourceTree = "<group>";
		};
/* End PBXGroup section */

/* Begin PBXNativeTarget section */
		42164F111AB2830400623BF0 /* ToDoList */ = {
			isa = PBXNativeTarget;
			buildConfigurationList = 42164F351AB2830400623BF0 /* Build configuration list for PBXNativeTarget "ToDoList" */;
			buildPhases = (
				42164F0E1AB2830400623BF0 /* Sources */,
				42164F0F1AB2830400623BF0 /* Frameworks */,
				42164F101AB2830400623BF0 /* Resources */,
			);
			buildRules = (
			);
			dependencies = (
			);
			name = ToDoList;
			productName = ToDoList;
			productReference = 42164F121AB2830400623BF0 /* ToDoList.app */;
			productType = "com.apple.product-type.application";
		};
		42164F2A1AB2830400623BF0 /* ToDoListTests */ = {
			isa = PBXNativeTarget;
			buildConfigurationList = 42164F381AB2830400623BF0 /* Build configuration list for PBXNativeTarget "ToDoListTests" */;
			buildPhases = (
				42164F271AB2830400623BF0 /* Sources */,
				42164F281AB2830400623BF0 /* Frameworks */,
				42164F291AB2830400623BF0 /* Resources */,
			);
			buildRules = (
			);
			dependencies = (
				42164F2D1AB2830400623BF0 /* PBXTargetDependency */,
			);
			name = ToDoListTests;
			productName = ToDoListTests;
			productReference = 42164F2B1AB2830400623BF0 /* ToDoListTests.xctest */;
			productType = "com.apple.product-type.bundle.unit-test";
		};
/* End PBXNativeTarget section */

/* Begin PBXProject section */
		42164F0A1AB2830400623BF0 /* Project object */ = {
			isa = PBXProject;
			attributes = {
				LastUpgradeCheck = 0610;
				ORGANIZATIONNAME = "王 云帆";
				TargetAttributes = {
					42164F111AB2830400623BF0 = {
						CreatedOnToolsVersion = 6.1.1;
					};
					42164F2A1AB2830400623BF0 = {
						CreatedOnToolsVersion = 6.1.1;
						TestTargetID = 42164F111AB2830400623BF0;
					};
				};
			};
			buildConfigurationList = 42164F0D1AB2830400623BF0 /* Build configuration list for PBXProject "ToDoList" */;
			compatibilityVersion = "Xcode 3.2";
			developmentRegion = English;
			hasScannedForEncodings = 0;
			knownRegions = (
				en,
				Base,
			);
			mainGroup = 42164F091AB2830400623BF0;
			productRefGroup = 42164F131AB2830400623BF0 /* Products */;
			projectDirPath = "";
			projectRoot = "";
			targets = (
				42164F111AB2830400623BF0 /* ToDoList */,
				42164F2A1AB2830400623BF0 /* ToDoListTests */,
			);
		};
/* End PBXProject section */

/* Begin PBXResourcesBuildPhase section */
		42164F101AB2830400623BF0 /* Resources */ = {
			isa = PBXResourcesBuildPhase;
			buildActionMask = 2147483647;
			files = (
				42164F211AB2830400623BF0 /* Main.storyboard in Resources */,
				42164F261AB2830400623BF0 /* LaunchScreen.xib in Resources */,
				42164F231AB2830400623BF0 /* Images.xcassets in Resources */,
			);
			runOnlyForDeploymentPostprocessing = 0;
		};
		42164F291AB2830400623BF0 /* Resources */ = {
			isa = PBXResourcesBuildPhase;
			buildActionMask = 2147483647;
			files = (
			);
			runOnlyForDeploymentPostprocessing = 0;
		};
/* End PBXResourcesBuildPhase section */

/* Begin PBXSourcesBuildPhase section */
		42164F0E1AB2830400623BF0 /* Sources */ = {
			isa = PBXSourcesBuildPhase;
			buildActionMask = 2147483647;
			files = (
				42698A141AB677F70017F0B8 /* ToDoItem.m in Sources */,
				42164F1E1AB2830400623BF0 /* ViewController.m in Sources */,
				42164F1B1AB2830400623BF0 /* AppDelegate.m in Sources */,
				42164F181AB2830400623BF0 /* main.m in Sources */,
				4223A3951AB2C804002F6B19 /* ToDoListTableViewController.m in Sources */,
				4223A3921AB2C78F002F6B19 /* AddToDoItemViewController.m in Sources */,
			);
			runOnlyForDeploymentPostprocessing = 0;
		};
		42164F271AB2830400623BF0 /* Sources */ = {
			isa = PBXSourcesBuildPhase;
			buildActionMask = 2147483647;
			files = (
				42164F321AB2830400623BF0 /* ToDoListTests.m in Sources */,
			);
			runOnlyForDeploymentPostprocessing = 0;
		};
/* End PBXSourcesBuildPhase section */

/* Begin PBXTargetDependency section */
		42164F2D1AB2830400623BF0 /* PBXTargetDependency */ = {
			isa = PBXTargetDependency;
			target = 42164F111AB2830400623BF0 /* ToDoList */;
			targetProxy = 42164F2C1AB2830400623BF0 /* PBXContainerItemProxy */;
		};
/* End PBXTargetDependency section */

/* Begin PBXVariantGroup section */
		42164F1F1AB2830400623BF0 /* Main.storyboard */ = {
			isa = PBXVariantGroup;
			children = (
				42164F201AB2830400623BF0 /* Base */,
			);
			name = Main.storyboard;
			sourceTree = "<group>";
		};
		42164F241AB2830400623BF0 /* LaunchScreen.xib */ = {
			isa = PBXVariantGroup;
			children = (
				42164F251AB2830400623BF0 /* Base */,
			);
			name = LaunchScreen.xib;
			sourceTree = "<group>";
		};
/* End PBXVariantGroup section */

/* Begin XCBuildConfiguration section */
		42164F331AB2830400623BF0 /* Debug */ = {
			isa = XCBuildConfiguration;
			buildSettings = {
				ALWAYS_SEARCH_USER_PATHS = NO;
				CLANG_CXX_LANGUAGE_STANDARD = "gnu++0x";
				CLANG_CXX_LIBRARY = "libc++";
				CLANG_ENABLE_MODULES = YES;
				CLANG_ENABLE_OBJC_ARC = YES;
				CLANG_WARN_BOOL_CONVERSION = YES;
				CLANG_WARN_CONSTANT_CONVERSION = YES;
				CLANG_WARN_DIRECT_OBJC_ISA_USAGE = YES_ERROR;
				CLANG_WARN_EMPTY_BODY = YES;
				CLANG_WARN_ENUM_CONVERSION = YES;
				CLANG_WARN_INT_CONVERSION = YES;
				CLANG_WARN_OBJC_ROOT_CLASS = YES_ERROR;
				CLANG_WARN_UNREACHABLE_CODE = YES;
				CLANG_WARN__DUPLICATE_METHOD_MATCH = YES;
				"CODE_SIGN_IDENTITY[sdk=iphoneos*]" = "iPhone Developer";
				COPY_PHASE_STRIP = NO;
				ENABLE_STRICT_OBJC_MSGSEND = YES;
				GCC_C_LANGUAGE_STANDARD = gnu99;
				GCC_DYNAMIC_NO_PIC = NO;
				GCC_OPTIMIZATION_LEVEL = 0;
				GCC_PREPROCESSOR_DEFINITIONS = (
					"DEBUG=1",
					"$(inherited)",
				);
				GCC_SYMBOLS_PRIVATE_EXTERN = NO;
				GCC_WARN_64_TO_32_BIT_CONVERSION = YES;
				GCC_WARN_ABOUT_RETURN_TYPE = YES_ERROR;
				GCC_WARN_UNDECLARED_SELECTOR = YES;
				GCC_WARN_UNINITIALIZED_AUTOS = YES_AGGRESSIVE;
				GCC_WARN_UNUSED_FUNCTION = YES;
				GCC_WARN_UNUSED_VARIABLE = YES;
				IPHONEOS_DEPLOYMENT_TARGET = 8.1;
				MTL_ENABLE_DEBUG_INFO = YES;
				ONLY_ACTIVE_ARCH = YES;
				SDKROOT = iphoneos;
			};
			name = Debug;
		};
		42164F341AB2830400623BF0 /* Release */ = {
			isa = XCBuildConfiguration;
			buildSettings = {
				ALWAYS_SEARCH_USER_PATHS = NO;
				CLANG_CXX_LANGUAGE_STANDARD = "gnu++0x";
				CLANG_CXX_LIBRARY = "libc++";
				CLANG_ENABLE_MODULES = YES;
				CLANG_ENABLE_OBJC_ARC = YES;
				CLANG_WARN_BOOL_CONVERSION = YES;
				CLANG_WARN_CONSTANT_CONVERSION = YES;
				CLANG_WARN_DIRECT_OBJC_ISA_USAGE = YES_ERROR;
				CLANG_WARN_EMPTY_BODY = YES;
				CLANG_WARN_ENUM_CONVERSION = YES;
				CLANG_WARN_INT_CONVERSION = YES;
				CLANG_WARN_OBJC_ROOT_CLASS = YES_ERROR;
				CLANG_WARN_UNREACHABLE_CODE = YES;
				CLANG_WARN__DUPLICATE_METHOD_MATCH = YES;
				"CODE_SIGN_IDENTITY[sdk=iphoneos*]" = "iPhone Developer";
				COPY_PHASE_STRIP = YES;
				ENABLE_NS_ASSERTIONS = NO;
				ENABLE_STRICT_OBJC_MSGSEND = YES;
				GCC_C_LANGUAGE_STANDARD = gnu99;
				GCC_WARN_64_TO_32_BIT_CONVERSION = YES;
				GCC_WARN_ABOUT_RETURN_TYPE = YES_ERROR;
				GCC_WARN_UNDECLARED_SELECTOR = YES;
				GCC_WARN_UNINITIALIZED_AUTOS = YES_AGGRESSIVE;
				GCC_WARN_UNUSED_FUNCTION = YES;
				GCC_WARN_UNUSED_VARIABLE = YES;
				IPHONEOS_DEPLOYMENT_TARGET = 8.1;
				MTL_ENABLE_DEBUG_INFO = NO;
				SDKROOT = iphoneos;
				VALIDATE_PRODUCT = YES;
			};
			name = Release;
		};
		42164F361AB2830400623BF0 /* Debug */ = {
			isa = XCBuildConfiguration;
			buildSettings = {
				ASSETCATALOG_COMPILER_APPICON_NAME = AppIcon;
				INFOPLIST_FILE = ToDoList/Info.plist;
				LD_RUNPATH_SEARCH_PATHS = "$(inherited) @executable_path/Frameworks";
				PRODUCT_NAME = "$(TARGET_NAME)";
			};
			name = Debug;
		};
		42164F371AB2830400623BF0 /* Release */ = {
			isa = XCBuildConfiguration;
			buildSettings = {
				ASSETCATALOG_COMPILER_APPICON_NAME = AppIcon;
				INFOPLIST_FILE = ToDoList/Info.plist;
				LD_RUNPATH_SEARCH_PATHS = "$(inherited) @executable_path/Frameworks";
				PRODUCT_NAME = "$(TARGET_NAME)";
			};
			name = Release;
		};
		42164F391AB2830400623BF0 /* Debug */ = {
			isa = XCBuildConfiguration;
			buildSettings = {
				BUNDLE_LOADER = "$(TEST_HOST)";
				FRAMEWORK_SEARCH_PATHS = (
					"$(SDKROOT)/Developer/Library/Frameworks",
					"$(inherited)",
				);
				GCC_PREPROCESSOR_DEFINITIONS = (
					"DEBUG=1",
					"$(inherited)",
				);
				INFOPLIST_FILE = ToDoListTests/Info.plist;
				LD_RUNPATH_SEARCH_PATHS = "$(inherited) @executable_path/Frameworks @loader_path/Frameworks";
				PRODUCT_NAME = "$(TARGET_NAME)";
				TEST_HOST = "$(BUILT_PRODUCTS_DIR)/ToDoList.app/ToDoList";
			};
			name = Debug;
		};
		42164F3A1AB2830400623BF0 /* Release */ = {
			isa = XCBuildConfiguration;
			buildSettings = {
				BUNDLE_LOADER = "$(TEST_HOST)";
				FRAMEWORK_SEARCH_PATHS = (
					"$(SDKROOT)/Developer/Library/Frameworks",
					"$(inherited)",
				);
				INFOPLIST_FILE = ToDoListTests/Info.plist;
				LD_RUNPATH_SEARCH_PATHS = "$(inherited) @executable_path/Frameworks @loader_path/Frameworks";
				PRODUCT_NAME = "$(TARGET_NAME)";
				TEST_HOST = "$(BUILT_PRODUCTS_DIR)/ToDoList.app/ToDoList";
			};
			name = Release;
		};
/* End XCBuildConfiguration section */

/* Begin XCConfigurationList section */
		42164F0D1AB2830400623BF0 /* Build configuration list for PBXProject "ToDoList" */ = {
			isa = XCConfigurationList;
			buildConfigurations = (
				42164F331AB2830400623BF0 /* Debug */,
				42164F341AB2830400623BF0 /* Release */,
			);
			defaultConfigurationIsVisible = 0;
			defaultConfigurationName = Release;
		};
		42164F351AB2830400623BF0 /* Build configuration list for PBXNativeTarget "ToDoList" */ = {
			isa = XCConfigurationList;
			buildConfigurations = (
				42164F361AB2830400623BF0 /* Debug */,
				42164F371AB2830400623BF0 /* Release */,
			);
			defaultConfigurationIsVisible = 0;
			defaultConfigurationName = Release;
		};
		42164F381AB2830400623BF0 /* Build configuration list for PBXNativeTarget "ToDoListTests" */ = {
			isa = XCConfigurationList;
			buildConfigurations = (
				42164F391AB2830400623BF0 /* Debug */,
				42164F3A1AB2830400623BF0 /* Release */,
			);
			defaultConfigurationIsVisible = 0;
			defaultConfigurationName = Release;
		};
/* End XCConfigurationList section */
	};
	rootObject = 42164F0A1AB2830400623BF0 /* Project object */;
}
